
Microsoft Visual Studio Solution File, Format Version 12.00
# Visual Studio Version 17
VisualStudioVersion = 17.7.34031.279
MinimumVisualStudioVersion = 10.0.40219.1
Project("{9A19103F-16F7-4668-BE54-9A1E7A4F7556}") = "OlympicsProject", "OlympicsProject\OlympicsProject.csproj", "{7530E199-7EEB-4626-A2EE-6B8352524096}"
EndProject
Project("{FAE04EC0-301F-11D3-BF4B-00C04F79EFBC}") = "TicketTestProject", "TicketTestProject\TicketTestProject.csproj", "{2633028B-41BD-455C-A545-4AF32DDD1924}"
EndProject
Global
	GlobalSection(SolutionConfigurationPlatforms) = preSolution
		Debug|Any CPU = Debug|Any CPU
		Release|Any CPU = Release|Any CPU
	EndGlobalSection
	GlobalSection(ProjectConfigurationPlatforms) = postSolution
		{7530E199-7EEB-4626-A2EE-6B8352524096}.Debug|Any CPU.ActiveCfg = Debug|Any CPU
		{7530E199-7EEB-4626-A2EE-6B8352524096}.Debug|Any CPU.Build.0 = Debug|Any CPU
		{7530E199-7EEB-4626-A2EE-6B8352524096}.Release|Any CPU.ActiveCfg = Release|Any CPU
		{7530E199-7EEB-4626-A2EE-6B8352524096}.Release|Any CPU.Build.0 = Release|Any CPU
		{2633028B-41BD-455C-A545-4AF32DDD1924}.Debug|Any CPU.ActiveCfg = Debug|Any CPU
		{2633028B-41BD-455C-A545-4AF32DDD1924}.Debug|Any CPU.Build.0 = Debug|Any CPU
		{2633028B-41BD-455C-A545-4AF32DDD1924}.Release|Any CPU.ActiveCfg = Release|Any CPU
		{2633028B-41BD-455C-A545-4AF32DDD1924}.Release|Any CPU.Build.0 = Release|Any CPU
	EndGlobalSection
	GlobalSection(SolutionProperties) = preSolution
		HideSolutionNode = FALSE
	EndGlobalSection
	GlobalSection(ExtensibilityGlobals) = postSolution
		SolutionGuid = {39F33B02-0BF8-4222-8D9B-71563DAF896E}
	EndGlobalSection
EndGlobal
