
Microsoft Visual Studio Solution File, Format Version 12.00
# Visual Studio Version 17
VisualStudioVersion = 17.7.34024.191
MinimumVisualStudioVersion = 10.0.40219.1
Project("{FAE04EC0-301F-11D3-BF4B-00C04F79EFBC}") = "EFCoreWebAppStewart", "EFCoreWebAppStewart\EFCoreWebAppStewart.csproj", "{7963053B-7A12-4AD5-AAD1-7C83BFC7483E}"
EndProject
Global
	GlobalSection(SolutionConfigurationPlatforms) = preSolution
		Debug|Any CPU = Debug|Any CPU
		Release|Any CPU = Release|Any CPU
	EndGlobalSection
	GlobalSection(ProjectConfigurationPlatforms) = postSolution
		{7963053B-7A12-4AD5-AAD1-7C83BFC7483E}.Debug|Any CPU.ActiveCfg = Debug|Any CPU
		{7963053B-7A12-4AD5-AAD1-7C83BFC7483E}.Debug|Any CPU.Build.0 = Debug|Any CPU
		{7963053B-7A12-4AD5-AAD1-7C83BFC7483E}.Release|Any CPU.ActiveCfg = Release|Any CPU
		{7963053B-7A12-4AD5-AAD1-7C83BFC7483E}.Release|Any CPU.Build.0 = Release|Any CPU
	EndGlobalSection
	GlobalSection(SolutionProperties) = preSolution
		HideSolutionNode = FALSE
	EndGlobalSection
	GlobalSection(ExtensibilityGlobals) = postSolution
		SolutionGuid = {1CBBD19F-144D-4AB0-9A2F-FC869E6C0582}
	EndGlobalSection
EndGlobal
